<?xml version="1.0" encoding="utf-8"?>
<Project ToolsVersion="4.0" xmlns="http://schemas.microsoft.com/developer/msbuild/2003">
  <ItemGroup>
    <Filter Include="리소스 파일">
      <UniqueIdentifier>{67DA6AB6-F800-4c08-8B7A-83BB121AAD01}</UniqueIdentifier>
      <Extensions>rc;ico;cur;bmp;dlg;rc2;rct;bin;rgs;gif;jpg;jpeg;jpe;resx;tiff;tif;png;wav;mfcribbon-ms</Extensions>
    </Filter>
    <Filter Include="Shaders">
      <UniqueIdentifier>{2ac56715-d8e3-4059-9b12-26f0a925bb9c}</UniqueIdentifier>
    </Filter>
    <Filter Include="Default">
      <UniqueIdentifier>{bd68c14a-2438-4511-8d9c-baabe2a770fe}</UniqueIdentifier>
    </Filter>
    <Filter Include="Helper">
      <UniqueIdentifier>{ab8b9ca9-4e74-496c-92b4-fd7bb4ed7460}</UniqueIdentifier>
    </Filter>
    <Filter Include="Texture">
      <UniqueIdentifier>{236e3c79-c365-48f2-8d78-40500262bdc5}</UniqueIdentifier>
    </Filter>
    <Filter Include="Object">
      <UniqueIdentifier>{23ca56ed-a207-4a49-a1ed-85246b7ebc8e}</UniqueIdentifier>
    </Filter>
    <Filter Include="Base">
      <UniqueIdentifier>{aa4df0cc-a68c-41d5-8458-7515cb9b7456}</UniqueIdentifier>
    </Filter>
    <Filter Include="Component">
      <UniqueIdentifier>{06e665d0-6a79-40cd-9ff0-7348406ab1e2}</UniqueIdentifier>
    </Filter>
    <Filter Include="Component\Transform">
      <UniqueIdentifier>{65cb48cf-1dcc-4592-bfa7-b45f889f8109}</UniqueIdentifier>
    </Filter>
    <Filter Include="Component\Render">
      <UniqueIdentifier>{36784840-bb0f-4a56-b077-17a17619d6d0}</UniqueIdentifier>
    </Filter>
    <Filter Include="Resource">
      <UniqueIdentifier>{24c3f04a-bf2b-4214-878c-8e8c99328e9b}</UniqueIdentifier>
    </Filter>
    <Filter Include="Loader">
      <UniqueIdentifier>{11f5e4a5-3eb4-465e-ab2a-19ba34c70639}</UniqueIdentifier>
    </Filter>
    <Filter Include="System">
      <UniqueIdentifier>{3d755610-91d3-4792-8573-7bad5056bc03}</UniqueIdentifier>
    </Filter>
    <Filter Include="System\Window">
      <UniqueIdentifier>{bcbb1889-a6f7-43bf-8b4c-af24c98a8a0c}</UniqueIdentifier>
    </Filter>
    <Filter Include="System\Render">
      <UniqueIdentifier>{e2e7b783-9f5b-4099-8ce6-497f467a09b6}</UniqueIdentifier>
    </Filter>
    <Filter Include="System\ImGui">
      <UniqueIdentifier>{08852339-9bcf-4da1-b33f-edd791a30de3}</UniqueIdentifier>
    </Filter>
  </ItemGroup>
  <ItemGroup>
    <ClInclude Include="framework.h">
      <Filter>Default</Filter>
    </ClInclude>
    <ClInclude Include="Resource.h">
      <Filter>Default</Filter>
    </ClInclude>
    <ClInclude Include="targetver.h">
      <Filter>Default</Filter>
    </ClInclude>
    <ClInclude Include="Helper.h">
      <Filter>Helper</Filter>
    </ClInclude>
    <ClInclude Include="hsObject.h">
      <Filter>Object</Filter>
    </ClInclude>
    <ClInclude Include="hsBase.h">
      <Filter>Base</Filter>
    </ClInclude>
    <ClInclude Include="hsComponent.h">
      <Filter>Component</Filter>
    </ClInclude>
    <ClInclude Include="hsResource.h">
      <Filter>Resource</Filter>
    </ClInclude>
    <ClInclude Include="hsRenderCp.h">
      <Filter>Component\Render</Filter>
    </ClInclude>
    <ClInclude Include="hsTransformCp.h">
      <Filter>Component\Transform</Filter>
    </ClInclude>
    <ClInclude Include="hsProcess.h" />
    <ClInclude Include="hsSystem.h">
      <Filter>System</Filter>
    </ClInclude>
    <ClInclude Include="hsWndSys.h">
      <Filter>System\Window</Filter>
    </ClInclude>
    <ClInclude Include="hsRenderSys.h">
      <Filter>System\Render</Filter>
    </ClInclude>
    <ClInclude Include="hsUISys.h">
      <Filter>System\ImGui</Filter>
    </ClInclude>
  </ItemGroup>
  <ItemGroup>
    <ResourceCompile Include="DirectX.rc">
      <Filter>리소스 파일</Filter>
    </ResourceCompile>
  </ItemGroup>
  <ItemGroup>
    <Image Include="small.ico">
      <Filter>리소스 파일</Filter>
    </Image>
    <Image Include="DirectX.ico">
      <Filter>리소스 파일</Filter>
    </Image>
    <Image Include="..\Output\Texture\seafloor.dds">
      <Filter>Texture</Filter>
    </Image>
  </ItemGroup>
  <ItemGroup>
    <ClCompile Include="DirectX.cpp">
      <Filter>Default</Filter>
    </ClCompile>
    <ClCompile Include="hsObject.cpp">
      <Filter>Object</Filter>
    </ClCompile>
    <ClCompile Include="hsBase.cpp">
      <Filter>Base</Filter>
    </ClCompile>
    <ClCompile Include="hsResource.cpp">
      <Filter>Resource</Filter>
    </ClCompile>
    <ClCompile Include="hsRenderCp.cpp">
      <Filter>Component\Render</Filter>
    </ClCompile>
    <ClCompile Include="hsTransformCp.cpp">
      <Filter>Component\Transform</Filter>
    </ClCompile>
    <ClCompile Include="hsProcess.cpp" />
    <ClCompile Include="hsSystem.cpp">
      <Filter>System</Filter>
    </ClCompile>
    <ClCompile Include="hsWndSys.cpp">
      <Filter>System\Window</Filter>
    </ClCompile>
    <ClCompile Include="hsRenderSys.cpp">
      <Filter>System\Render</Filter>
    </ClCompile>
    <ClCompile Include="hsUISys.cpp">
      <Filter>System\ImGui</Filter>
    </ClCompile>
  </ItemGroup>
  <ItemGroup>
    <FxCompile Include="..\Output\Shader\BasicPixelShader.hlsl">
      <Filter>Shaders</Filter>
    </FxCompile>
    <FxCompile Include="..\Output\Shader\BasicVertexShader.hlsl">
      <Filter>Shaders</Filter>
    </FxCompile>
  </ItemGroup>
  <ItemGroup>
    <None Include="..\Output\Shader\Shared.fxh">
      <Filter>Shaders</Filter>
    </None>
  </ItemGroup>
</Project>